
Microsoft Visual Studio Solution File, Format Version 12.00
# Visual Studio 15
VisualStudioVersion = 15.0.27130.2010
MinimumVisualStudioVersion = 10.0.40219.1
Project("{9A19103F-16F7-4668-BE54-9A1E7A4F7556}") = "KaterinaPostStuff", "KaterinaPostStuff\KaterinaPostStuff.csproj", "{FA604BEA-E0CE-4AA0-AEF8-0FAAE5D35E5E}"
EndProject
Project("{FAE04EC0-301F-11D3-BF4B-00C04F79EFBC}") = "MattyEditors", "MattyEditors\MattyEditors.csproj", "{CABCCCA3-9521-4284-92CE-2D80621707F0}"
EndProject
Global
	GlobalSection(SolutionConfigurationPlatforms) = preSolution
		Debug|Any CPU = Debug|Any CPU
		Release|Any CPU = Release|Any CPU
	EndGlobalSection
	GlobalSection(ProjectConfigurationPlatforms) = postSolution
		{FA604BEA-E0CE-4AA0-AEF8-0FAAE5D35E5E}.Debug|Any CPU.ActiveCfg = Debug|Any CPU
		{FA604BEA-E0CE-4AA0-AEF8-0FAAE5D35E5E}.Debug|Any CPU.Build.0 = Debug|Any CPU
		{FA604BEA-E0CE-4AA0-AEF8-0FAAE5D35E5E}.Release|Any CPU.ActiveCfg = Release|Any CPU
		{FA604BEA-E0CE-4AA0-AEF8-0FAAE5D35E5E}.Release|Any CPU.Build.0 = Release|Any CPU
		{CABCCCA3-9521-4284-92CE-2D80621707F0}.Debug|Any CPU.ActiveCfg = Debug|Any CPU
		{CABCCCA3-9521-4284-92CE-2D80621707F0}.Debug|Any CPU.Build.0 = Debug|Any CPU
		{CABCCCA3-9521-4284-92CE-2D80621707F0}.Release|Any CPU.ActiveCfg = Release|Any CPU
		{CABCCCA3-9521-4284-92CE-2D80621707F0}.Release|Any CPU.Build.0 = Release|Any CPU
	EndGlobalSection
	GlobalSection(SolutionProperties) = preSolution
		HideSolutionNode = FALSE
	EndGlobalSection
	GlobalSection(ExtensibilityGlobals) = postSolution
		SolutionGuid = {5B012B32-C116-44FC-B886-D515C077A678}
	EndGlobalSection
EndGlobal
